
Microsoft Visual Studio Solution File, Format Version 12.00
# Visual Studio Version 17
VisualStudioVersion = 17.5.002.0
MinimumVisualStudioVersion = 10.0.40219.1
Project("{2150E333-8FDC-42A3-9474-1A3956D46DE8}") = "api", "api", "{7ECC7EFA-0EDF-41DC-8E4B-54E1B4A884DA}"
EndProject
Project("{9A19103F-16F7-4668-BE54-9A1E7A4F7556}") = "Election.Service", "api\Election.Service\Election.Service.csproj", "{D237655C-5776-4BB4-B377-C6AB88BDE1AD}"
EndProject
Global
	GlobalSection(SolutionConfigurationPlatforms) = preSolution
		Debug|Any CPU = Debug|Any CPU
		Release|Any CPU = Release|Any CPU
	EndGlobalSection
	GlobalSection(ProjectConfigurationPlatforms) = postSolution
		{D237655C-5776-4BB4-B377-C6AB88BDE1AD}.Debug|Any CPU.ActiveCfg = Debug|Any CPU
		{D237655C-5776-4BB4-B377-C6AB88BDE1AD}.Debug|Any CPU.Build.0 = Debug|Any CPU
		{D237655C-5776-4BB4-B377-C6AB88BDE1AD}.Release|Any CPU.ActiveCfg = Release|Any CPU
		{D237655C-5776-4BB4-B377-C6AB88BDE1AD}.Release|Any CPU.Build.0 = Release|Any CPU
	EndGlobalSection
	GlobalSection(SolutionProperties) = preSolution
		HideSolutionNode = FALSE
	EndGlobalSection
	GlobalSection(NestedProjects) = preSolution
		{D237655C-5776-4BB4-B377-C6AB88BDE1AD} = {7ECC7EFA-0EDF-41DC-8E4B-54E1B4A884DA}
	EndGlobalSection
	GlobalSection(ExtensibilityGlobals) = postSolution
		SolutionGuid = {51FCB450-3E01-4807-861D-2903648A4C91}
	EndGlobalSection
EndGlobal
